# This file is automatically @generated by Cargo.
# It is not intended for manual editing.
version = 4

[[package]]
name = "firefly-blutti"
version = "0.1.0"
dependencies = [
 "firefly-rust",
]

[[package]]
name = "firefly-rust"
version = "0.7.1"
source = "registry+https://github.com/rust-lang/crates.io-index"
checksum = "e6792911db81e64840387ae5c6e1d3f49651e5177ec11e8d244dcd4f3f8096ff"
