# This file is automatically @generated by Cargo.
# It is not intended for manual editing.
version = 4

[[package]]
name = "autocfg"
version = "1.4.0"
source = "registry+https://github.com/rust-lang/crates.io-index"
checksum = "ace50bade8e6234aa140d9a2f552bbee1db4d353f69b8217bc503490fc1a9f26"

[[package]]
name = "firefly-blutti"
version = "0.1.0"
dependencies = [
 "firefly-rust",
]

[[package]]
name = "firefly-rust"
version = "0.7.1"
source = "registry+https://github.com/rust-lang/crates.io-index"
checksum = "e6792911db81e64840387ae5c6e1d3f49651e5177ec11e8d244dcd4f3f8096ff"
dependencies = [
 "talc",
]

[[package]]
name = "lock_api"
version = "0.4.12"
source = "registry+https://github.com/rust-lang/crates.io-index"
checksum = "07af8b9cdd281b7915f413fa73f29ebd5d55d0d3f0155584dade1ff18cea1b17"
dependencies = [
 "autocfg",
 "scopeguard",
]

[[package]]
name = "scopeguard"
version = "1.2.0"
source = "registry+https://github.com/rust-lang/crates.io-index"
checksum = "94143f37725109f92c262ed2cf5e59bce7498c01bcc1502d7b9afe439a4e9f49"

[[package]]
name = "talc"
version = "4.4.2"
source = "registry+https://github.com/rust-lang/crates.io-index"
checksum = "3fcad3be1cfe36eb7d716a04791eba36a197da9d9b6ea1e28e64ac569da3701d"
dependencies = [
 "lock_api",
]
